{
  "name": "napi-rs-webgpu-harness",
  "version": "0.0.0",
  "lockfileVersion": 3,
  "requires": true,
  "packages": {
    "": {
      "name": "napi-rs-webgpu-harness",
      "version": "0.0.0",
      "dependencies": {
        "@emnapi/core": "2.0.0-alpha.3",
        "@emnapi/runtime": "2.0.0-alpha.3",
        "@napi-rs/wasm-runtime": "^1.2.2",
        "emnapi": "2.0.0-alpha.3",
        "webgpu": "0.2.0"
      }
    },
    "node_modules/@emnapi/core": {
      "version": "2.0.0-alpha.3",
      "resolved": "https://registry.npmjs.org/@emnapi/core/-/core-2.0.0-alpha.3.tgz",
      "integrity": "sha512-AZypUeJ/yByuxyS7BlSNRDOMLMlROYtjYdIAuBmJssVz1UJDSeYxLrdizhXCFYhedC5bqd/ASy8EuNXbVVXp9g==",
      "license": "MIT",
      "dependencies": {
        "@emnapi/wasi-threads": "2.0.1",
        "tslib": "^2.4.0"
      }
    },
    "node_modules/@emnapi/runtime": {
      "version": "2.0.0-alpha.3",
      "resolved": "https://registry.npmjs.org/@emnapi/runtime/-/runtime-2.0.0-alpha.3.tgz",
      "integrity": "sha512-hFPAhMUjJD9BSyCANEISPOogeXC9Zo9ZQl7L6vKnaVsMkCtzznaW/naYypeyl0Gv5rYfWYsZbpixTMpjDJzQeA==",
      "license": "MIT",
      "dependencies": {
        "tslib": "^2.4.0"
      }
    },
    "node_modules/@emnapi/wasi-threads": {
      "version": "2.0.1",
      "resolved": "https://registry.npmjs.org/@emnapi/wasi-threads/-/wasi-threads-2.0.1.tgz",
      "integrity": "sha512-9DsSk+o5NBX0CCJT8s0EROGSGxjR/tKu6aBTaVyq+SjAEQH4XcdcRxPBRzsBLizTTJ49MJjF+jgu3qnO9GLQcQ==",
      "license": "MIT",
      "dependencies": {
        "tslib": "^2.4.0"
      }
    },
    "node_modules/@napi-rs/wasm-runtime": {
      "version": "1.2.2",
      "resolved": "https://registry.npmjs.org/@napi-rs/wasm-runtime/-/wasm-runtime-1.2.2.tgz",
      "integrity": "sha512-JfB4kuJQjaoHuCTseIINHtHWeJnvgEcxjwA5t/Y00ZgaOO1Crz3fjT/p8kT28zA/Caz7oiUMn3d6H2yOVCVwuw==",
      "license": "MIT",
      "dependencies": {
        "@tybys/wasm-util": "^0.10.3"
      },
      "engines": {
        "node": "^20.19.0 || ^22.13.0 || >=23.5.0"
      },
      "funding": {
        "type": "github",
        "url": "https://github.com/sponsors/Brooooooklyn"
      },
      "peerDependencies": {
        "@emnapi/core": "^1.7.1 || ^2.0.0-alpha.3",
        "@emnapi/runtime": "^1.7.1 || ^2.0.0-alpha.3"
      }
    },
    "node_modules/@tybys/wasm-util": {
      "version": "0.10.3",
      "resolved": "https://registry.npmjs.org/@tybys/wasm-util/-/wasm-util-0.10.3.tgz",
      "integrity": "sha512-F3fo1MYrRJYL3zER0OUOmkutjr1Vp23m7OsSgp7nq4SP6OqX6C/56XFIPAl5bt3zaBRjmW7SGz3u/6LwFpYcOg==",
      "license": "MIT",
      "dependencies": {
        "tslib": "^2.4.0"
      }
    },
    "node_modules/emnapi": {
      "version": "2.0.0-alpha.3",
      "resolved": "https://registry.npmjs.org/emnapi/-/emnapi-2.0.0-alpha.3.tgz",
      "integrity": "sha512-K9bc9Xx4OwSfhJpdSOpcfIKzn7/6emuubaIorf6I5e7WBAM79665rf6iHr9y50NL4qYMUP/AheTpD1Z4yU1EBw==",
      "license": "MIT",
      "peerDependencies": {
        "node-addon-api": ">= 6.1.0"
      },
      "peerDependenciesMeta": {
        "node-addon-api": {
          "optional": true
        }
      }
    },
    "node_modules/tslib": {
      "version": "2.8.1",
      "resolved": "https://registry.npmjs.org/tslib/-/tslib-2.8.1.tgz",
      "integrity": "sha512-oJFu94HQb+KVduSUQL7wnpmqnfmLsOA/nAh6b6EH0wCEoK0/mPeXU6c3wKDV83MkOuHPRHtSXKKU99IBazS/2w==",
      "license": "0BSD"
    },
    "node_modules/webgpu": {
      "version": "0.2.0",
      "resolved": "https://registry.npmjs.org/webgpu/-/webgpu-0.2.0.tgz",
      "integrity": "sha512-OKHXDRvhSJXSE0ueH3qMOP2feQWHpx3q/02wkB7fG49Rb4N1kdKD9AtF+4sbo+e/jOr2R4KUe4NxbTky5oeu2w==",
      "license": "MIT"
    }
  }
}
